// !$*UTF8*$!
{
	archiveVersion = 1;
	classes = {
	};
	objectVersion = 50;
	objects = {

/* Begin PBXBuildFile section */
		A60F506320901B000042F417 /* AccountDetailViewController.swift in Sources */ = {isa = PBXBuildFile; fileRef = A60F506220901B000042F417 /* AccountDetailViewController.swift */; };
		A60F5065209058710042F417 /* SettingViewController.swift in Sources */ = {isa = PBXBuildFile; fileRef = A60F5064209058710042F417 /* SettingViewController.swift */; };
		A61CA350208FDD3E00BC544D /* libsqlite3.tbd in Frameworks */ = {isa = PBXBuildFile; fileRef = A61CA34F208FDD3E00BC544D /* libsqlite3.tbd */; };
		A61CA353208FDFBF00BC544D /* SQLite.swift in Sources */ = {isa = PBXBuildFile; fileRef = A61CA352208FDFBF00BC544D /* SQLite.swift */; };
		A6243A9320865A8F00BBD173 /* AppDelegate.swift in Sources */ = {isa = PBXBuildFile; fileRef = A6243A9220865A8F00BBD173 /* AppDelegate.swift */; };
		A6243A9520865A8F00BBD173 /* ViewController.swift in Sources */ = {isa = PBXBuildFile; fileRef = A6243A9420865A8F00BBD173 /* ViewController.swift */; };
		A6243A9820865A8F00BBD173 /* Main.storyboard in Resources */ = {isa = PBXBuildFile; fileRef = A6243A9620865A8F00BBD173 /* Main.storyboard */; };
		A6243A9A20865A9000BBD173 /* Assets.xcassets in Resources */ = {isa = PBXBuildFile; fileRef = A6243A9920865A9000BBD173 /* Assets.xcassets */; };
		A6243A9D20865A9000BBD173 /* LaunchScreen.storyboard in Resources */ = {isa = PBXBuildFile; fileRef = A6243A9B20865A9000BBD173 /* LaunchScreen.storyboard */; };
		A6243AA720865CFB00BBD173 /* HomeModel.swift in Sources */ = {isa = PBXBuildFile; fileRef = A6243AA620865CFB00BBD173 /* HomeModel.swift */; };
		A6243AA920865D0700BBD173 /* ArticleModel.swift in Sources */ = {isa = PBXBuildFile; fileRef = A6243AA820865D0700BBD173 /* ArticleModel.swift */; };
		A6243AAB208665CD00BBD173 /* DetailViewController.swift in Sources */ = {isa = PBXBuildFile; fileRef = A6243AAA208665CD00BBD173 /* DetailViewController.swift */; };
		A628FE3D2102F467001B008C /* CommentCollectionViewCell.swift in Sources */ = {isa = PBXBuildFile; fileRef = A628FE3C2102F467001B008C /* CommentCollectionViewCell.swift */; };
		A62CD5F22092707000E34230 /* PostingModel.swift in Sources */ = {isa = PBXBuildFile; fileRef = A62CD5F12092707000E34230 /* PostingModel.swift */; };
		A65700EC2096010C00F271B6 /* CommentPosting.swift in Sources */ = {isa = PBXBuildFile; fileRef = A65700EB2096010C00F271B6 /* CommentPosting.swift */; };
		A65922572096E20D00F16E32 /* deletePost.swift in Sources */ = {isa = PBXBuildFile; fileRef = A65922562096E20D00F16E32 /* deletePost.swift */; };
		A663EBF520FDE0FC002A079E /* Menu.swift in Sources */ = {isa = PBXBuildFile; fileRef = A663EBF420FDE0FC002A079E /* Menu.swift */; };
		A669B18E209611260055A65D /* RegisterViewController.swift in Sources */ = {isa = PBXBuildFile; fileRef = A669B18D209611260055A65D /* RegisterViewController.swift */; };
		A669B190209616940055A65D /* regAction.swift in Sources */ = {isa = PBXBuildFile; fileRef = A669B18F209616940055A65D /* regAction.swift */; };
		A66C1489209396D70021FF63 /* CommentModel.swift in Sources */ = {isa = PBXBuildFile; fileRef = A66C1488209396D70021FF63 /* CommentModel.swift */; };
		A66C148B209440CA0021FF63 /* CommentDownload.swift in Sources */ = {isa = PBXBuildFile; fileRef = A66C148A209440CA0021FF63 /* CommentDownload.swift */; };
		A66C93EA208D4DD600D3A1A3 /* InitViewController.swift in Sources */ = {isa = PBXBuildFile; fileRef = A66C93E7208D4DD500D3A1A3 /* InitViewController.swift */; };
		A66C93EB208D4DD600D3A1A3 /* initNaviController.swift in Sources */ = {isa = PBXBuildFile; fileRef = A66C93E8208D4DD500D3A1A3 /* initNaviController.swift */; };
		A66C93EC208D4DD600D3A1A3 /* initTabBarController.swift in Sources */ = {isa = PBXBuildFile; fileRef = A66C93E9208D4DD600D3A1A3 /* initTabBarController.swift */; };
		A66C93EE208D645E00D3A1A3 /* Session.swift in Sources */ = {isa = PBXBuildFile; fileRef = A66C93ED208D645E00D3A1A3 /* Session.swift */; };
		A66C93F0208D6BD700D3A1A3 /* LoginViewController.swift in Sources */ = {isa = PBXBuildFile; fileRef = A66C93EF208D6BD700D3A1A3 /* LoginViewController.swift */; };
		A69243C920B182CF0097D236 /* TrendingCollectionViewController.swift in Sources */ = {isa = PBXBuildFile; fileRef = A69243C820B182CF0097D236 /* TrendingCollectionViewController.swift */; };
		A69243CB20B182F90097D236 /* TrendingCell.swift in Sources */ = {isa = PBXBuildFile; fileRef = A69243CA20B182F90097D236 /* TrendingCell.swift */; };
		A6B1195F208BD691003DB16E /* CategoryViewController.swift in Sources */ = {isa = PBXBuildFile; fileRef = A6B1195E208BD691003DB16E /* CategoryViewController.swift */; };
		A6B9B58B208BFC9F003C4E86 /* CategoryModel.swift in Sources */ = {isa = PBXBuildFile; fileRef = A6B9B58A208BFC9F003C4E86 /* CategoryModel.swift */; };
		A6B9B58D208C01F5003C4E86 /* CategoryDownload.swift in Sources */ = {isa = PBXBuildFile; fileRef = A6B9B58C208C01F5003C4E86 /* CategoryDownload.swift */; };
		A6B9B58F208C05D0003C4E86 /* CategoryItemController.swift in Sources */ = {isa = PBXBuildFile; fileRef = A6B9B58E208C05D0003C4E86 /* CategoryItemController.swift */; };
		A6B9B591208C0783003C4E86 /* CategoryItemDownload.swift in Sources */ = {isa = PBXBuildFile; fileRef = A6B9B590208C0783003C4E86 /* CategoryItemDownload.swift */; };
		A6B9B593208C1638003C4E86 /* imgViewController.swift in Sources */ = {isa = PBXBuildFile; fileRef = A6B9B592208C1638003C4E86 /* imgViewController.swift */; };
		A6B9B595208CF0AF003C4E86 /* PostingViewController.swift in Sources */ = {isa = PBXBuildFile; fileRef = A6B9B594208CF0AF003C4E86 /* PostingViewController.swift */; };
		A6B9B597208D0C1D003C4E86 /* LoginModel.swift in Sources */ = {isa = PBXBuildFile; fileRef = A6B9B596208D0C1D003C4E86 /* LoginModel.swift */; };
		A6B9B599208D10B1003C4E86 /* SearchViewController.swift in Sources */ = {isa = PBXBuildFile; fileRef = A6B9B598208D10B1003C4E86 /* SearchViewController.swift */; };
		A6E41ED8208D2B6B00207E5D /* AccountViewController.swift in Sources */ = {isa = PBXBuildFile; fileRef = A6E41ED7208D2B6B00207E5D /* AccountViewController.swift */; };
		A6E41EDA208D329900207E5D /* networkTest.swift in Sources */ = {isa = PBXBuildFile; fileRef = A6E41ED9208D329900207E5D /* networkTest.swift */; };
		A6E41EDC208D3F4700207E5D /* LoginActionModel.swift in Sources */ = {isa = PBXBuildFile; fileRef = A6E41EDB208D3F4700207E5D /* LoginActionModel.swift */; };
		A6F2458620965BE80010236E /* MapViewController.swift in Sources */ = {isa = PBXBuildFile; fileRef = A6F2458520965BE80010236E /* MapViewController.swift */; };
		A6F245882096724E0010236E /* postEditViewController.swift in Sources */ = {isa = PBXBuildFile; fileRef = A6F245872096724E0010236E /* postEditViewController.swift */; };
/* End PBXBuildFile section */

/* Begin PBXFileReference section */
		A60F506220901B000042F417 /* AccountDetailViewController.swift */ = {isa = PBXFileReference; lastKnownFileType = sourcecode.swift; path = AccountDetailViewController.swift; sourceTree = "<group>"; };
		A60F5064209058710042F417 /* SettingViewController.swift */ = {isa = PBXFileReference; lastKnownFileType = sourcecode.swift; path = SettingViewController.swift; sourceTree = "<group>"; };
		A61CA34F208FDD3E00BC544D /* libsqlite3.tbd */ = {isa = PBXFileReference; lastKnownFileType = "sourcecode.text-based-dylib-definition"; name = libsqlite3.tbd; path = usr/lib/libsqlite3.tbd; sourceTree = SDKROOT; };
		A61CA351208FDD8900BC544D /* sqlite.h */ = {isa = PBXFileReference; lastKnownFileType = sourcecode.c.h; path = sqlite.h; sourceTree = "<group>"; };
		A61CA352208FDFBF00BC544D /* SQLite.swift */ = {isa = PBXFileReference; fileEncoding = 4; lastKnownFileType = sourcecode.swift; path = SQLite.swift; sourceTree = "<group>"; };
		A6243A8F20865A8E00BBD173 /* Trip Plan.app */ = {isa = PBXFileReference; explicitFileType = wrapper.application; includeInIndex = 0; path = "Trip Plan.app"; sourceTree = BUILT_PRODUCTS_DIR; };
		A6243A9220865A8F00BBD173 /* AppDelegate.swift */ = {isa = PBXFileReference; lastKnownFileType = sourcecode.swift; path = AppDelegate.swift; sourceTree = "<group>"; };
		A6243A9420865A8F00BBD173 /* ViewController.swift */ = {isa = PBXFileReference; lastKnownFileType = sourcecode.swift; path = ViewController.swift; sourceTree = "<group>"; };
		A6243A9720865A8F00BBD173 /* Base */ = {isa = PBXFileReference; lastKnownFileType = file.storyboard; name = Base; path = Base.lproj/Main.storyboard; sourceTree = "<group>"; };
		A6243A9920865A9000BBD173 /* Assets.xcassets */ = {isa = PBXFileReference; lastKnownFileType = folder.assetcatalog; path = Assets.xcassets; sourceTree = "<group>"; };
		A6243A9C20865A9000BBD173 /* Base */ = {isa = PBXFileReference; lastKnownFileType = file.storyboard; name = Base; path = Base.lproj/LaunchScreen.storyboard; sourceTree = "<group>"; };
		A6243A9E20865A9000BBD173 /* Info.plist */ = {isa = PBXFileReference; lastKnownFileType = text.plist.xml; path = Info.plist; sourceTree = "<group>"; };
		A6243AA620865CFB00BBD173 /* HomeModel.swift */ = {isa = PBXFileReference; lastKnownFileType = sourcecode.swift; path = HomeModel.swift; sourceTree = "<group>"; };
		A6243AA820865D0700BBD173 /* ArticleModel.swift */ = {isa = PBXFileReference; lastKnownFileType = sourcecode.swift; path = ArticleModel.swift; sourceTree = "<group>"; };
		A6243AAA208665CD00BBD173 /* DetailViewController.swift */ = {isa = PBXFileReference; lastKnownFileType = sourcecode.swift; path = DetailViewController.swift; sourceTree = "<group>"; };
		A628FE3C2102F467001B008C /* CommentCollectionViewCell.swift */ = {isa = PBXFileReference; lastKnownFileType = sourcecode.swift; path = CommentCollectionViewCell.swift; sourceTree = "<group>"; };
		A62CD5F12092707000E34230 /* PostingModel.swift */ = {isa = PBXFileReference; lastKnownFileType = sourcecode.swift; path = PostingModel.swift; sourceTree = "<group>"; };
		A65700EB2096010C00F271B6 /* CommentPosting.swift */ = {isa = PBXFileReference; lastKnownFileType = sourcecode.swift; path = CommentPosting.swift; sourceTree = "<group>"; };
		A65922562096E20D00F16E32 /* deletePost.swift */ = {isa = PBXFileReference; lastKnownFileType = sourcecode.swift; path = deletePost.swift; sourceTree = "<group>"; };
		A663EBF320FDC6D4002A079E /* Trip Plan.entitlements */ = {isa = PBXFileReference; lastKnownFileType = text.plist.entitlements; path = "Trip Plan.entitlements"; sourceTree = "<group>"; };
		A663EBF420FDE0FC002A079E /* Menu.swift */ = {isa = PBXFileReference; lastKnownFileType = sourcecode.swift; path = Menu.swift; sourceTree = "<group>"; };
		A669B18D209611260055A65D /* RegisterViewController.swift */ = {isa = PBXFileReference; lastKnownFileType = sourcecode.swift; path = RegisterViewController.swift; sourceTree = "<group>"; };
		A669B18F209616940055A65D /* regAction.swift */ = {isa = PBXFileReference; lastKnownFileType = sourcecode.swift; path = regAction.swift; sourceTree = "<group>"; };
		A66C1488209396D70021FF63 /* CommentModel.swift */ = {isa = PBXFileReference; lastKnownFileType = sourcecode.swift; path = CommentModel.swift; sourceTree = "<group>"; };
		A66C148A209440CA0021FF63 /* CommentDownload.swift */ = {isa = PBXFileReference; lastKnownFileType = sourcecode.swift; path = CommentDownload.swift; sourceTree = "<group>"; };
		A66C93E7208D4DD500D3A1A3 /* InitViewController.swift */ = {isa = PBXFileReference; fileEncoding = 4; lastKnownFileType = sourcecode.swift; path = InitViewController.swift; sourceTree = "<group>"; };
		A66C93E8208D4DD500D3A1A3 /* initNaviController.swift */ = {isa = PBXFileReference; fileEncoding = 4; lastKnownFileType = sourcecode.swift; path = initNaviController.swift; sourceTree = "<group>"; };
		A66C93E9208D4DD600D3A1A3 /* initTabBarController.swift */ = {isa = PBXFileReference; fileEncoding = 4; lastKnownFileType = sourcecode.swift; path = initTabBarController.swift; sourceTree = "<group>"; };
		A66C93ED208D645E00D3A1A3 /* Session.swift */ = {isa = PBXFileReference; lastKnownFileType = sourcecode.swift; path = Session.swift; sourceTree = "<group>"; };
		A66C93EF208D6BD700D3A1A3 /* LoginViewController.swift */ = {isa = PBXFileReference; lastKnownFileType = sourcecode.swift; path = LoginViewController.swift; sourceTree = "<group>"; };
		A69243C820B182CF0097D236 /* TrendingCollectionViewController.swift */ = {isa = PBXFileReference; lastKnownFileType = sourcecode.swift; path = TrendingCollectionViewController.swift; sourceTree = "<group>"; };
		A69243CA20B182F90097D236 /* TrendingCell.swift */ = {isa = PBXFileReference; lastKnownFileType = sourcecode.swift; path = TrendingCell.swift; sourceTree = "<group>"; };
		A6B1195E208BD691003DB16E /* CategoryViewController.swift */ = {isa = PBXFileReference; lastKnownFileType = sourcecode.swift; path = CategoryViewController.swift; sourceTree = "<group>"; };
		A6B9B58A208BFC9F003C4E86 /* CategoryModel.swift */ = {isa = PBXFileReference; lastKnownFileType = sourcecode.swift; path = CategoryModel.swift; sourceTree = "<group>"; };
		A6B9B58C208C01F5003C4E86 /* CategoryDownload.swift */ = {isa = PBXFileReference; lastKnownFileType = sourcecode.swift; path = CategoryDownload.swift; sourceTree = "<group>"; };
		A6B9B58E208C05D0003C4E86 /* CategoryItemController.swift */ = {isa = PBXFileReference; lastKnownFileType = sourcecode.swift; path = CategoryItemController.swift; sourceTree = "<group>"; };
		A6B9B590208C0783003C4E86 /* CategoryItemDownload.swift */ = {isa = PBXFileReference; lastKnownFileType = sourcecode.swift; path = CategoryItemDownload.swift; sourceTree = "<group>"; };
		A6B9B592208C1638003C4E86 /* imgViewController.swift */ = {isa = PBXFileReference; lastKnownFileType = sourcecode.swift; path = imgViewController.swift; sourceTree = "<group>"; };
		A6B9B594208CF0AF003C4E86 /* PostingViewController.swift */ = {isa = PBXFileReference; lastKnownFileType = sourcecode.swift; path = PostingViewController.swift; sourceTree = "<group>"; };
		A6B9B596208D0C1D003C4E86 /* LoginModel.swift */ = {isa = PBXFileReference; lastKnownFileType = sourcecode.swift; path = LoginModel.swift; sourceTree = "<group>"; };
		A6B9B598208D10B1003C4E86 /* SearchViewController.swift */ = {isa = PBXFileReference; lastKnownFileType = sourcecode.swift; path = SearchViewController.swift; sourceTree = "<group>"; };
		A6E41ED7208D2B6B00207E5D /* AccountViewController.swift */ = {isa = PBXFileReference; lastKnownFileType = sourcecode.swift; path = AccountViewController.swift; sourceTree = "<group>"; };
		A6E41ED9208D329900207E5D /* networkTest.swift */ = {isa = PBXFileReference; lastKnownFileType = sourcecode.swift; path = networkTest.swift; sourceTree = "<group>"; };
		A6E41EDB208D3F4700207E5D /* LoginActionModel.swift */ = {isa = PBXFileReference; lastKnownFileType = sourcecode.swift; path = LoginActionModel.swift; sourceTree = "<group>"; };
		A6F2458520965BE80010236E /* MapViewController.swift */ = {isa = PBXFileReference; lastKnownFileType = sourcecode.swift; path = MapViewController.swift; sourceTree = "<group>"; };
		A6F245872096724E0010236E /* postEditViewController.swift */ = {isa = PBXFileReference; lastKnownFileType = sourcecode.swift; path = postEditViewController.swift; sourceTree = "<group>"; };
/* End PBXFileReference section */

/* Begin PBXFrameworksBuildPhase section */
		A6243A8C20865A8E00BBD173 /* Frameworks */ = {
			isa = PBXFrameworksBuildPhase;
			buildActionMask = 2147483647;
			files = (
				A61CA350208FDD3E00BC544D /* libsqlite3.tbd in Frameworks */,
			);
			runOnlyForDeploymentPostprocessing = 0;
		};
/* End PBXFrameworksBuildPhase section */

/* Begin PBXGroup section */
		A61CA34E208FDD3E00BC544D /* Frameworks */ = {
			isa = PBXGroup;
			children = (
				A61CA34F208FDD3E00BC544D /* libsqlite3.tbd */,
			);
			name = Frameworks;
			sourceTree = "<group>";
		};
		A6243A8620865A8E00BBD173 = {
			isa = PBXGroup;
			children = (
				A6243A9120865A8E00BBD173 /* Trip Plan */,
				A6243A9020865A8E00BBD173 /* Products */,
				A61CA34E208FDD3E00BC544D /* Frameworks */,
			);
			sourceTree = "<group>";
		};
		A6243A9020865A8E00BBD173 /* Products */ = {
			isa = PBXGroup;
			children = (
				A6243A8F20865A8E00BBD173 /* Trip Plan.app */,
			);
			name = Products;
			sourceTree = "<group>";
		};
		A6243A9120865A8E00BBD173 /* Trip Plan */ = {
			isa = PBXGroup;
			children = (
				A663EBF320FDC6D4002A079E /* Trip Plan.entitlements */,
				A61CA351208FDD8900BC544D /* sqlite.h */,
				A6243A9E20865A9000BBD173 /* Info.plist */,
				A60F506220901B000042F417 /* AccountDetailViewController.swift */,
				A6E41ED7208D2B6B00207E5D /* AccountViewController.swift */,
				A6243A9220865A8F00BBD173 /* AppDelegate.swift */,
				A6243AA820865D0700BBD173 /* ArticleModel.swift */,
				A6B9B58C208C01F5003C4E86 /* CategoryDownload.swift */,
				A6B9B58E208C05D0003C4E86 /* CategoryItemController.swift */,
				A6B9B590208C0783003C4E86 /* CategoryItemDownload.swift */,
				A6B9B58A208BFC9F003C4E86 /* CategoryModel.swift */,
				A6B1195E208BD691003DB16E /* CategoryViewController.swift */,
				A628FE3C2102F467001B008C /* CommentCollectionViewCell.swift */,
				A66C148A209440CA0021FF63 /* CommentDownload.swift */,
				A66C1488209396D70021FF63 /* CommentModel.swift */,
				A65700EB2096010C00F271B6 /* CommentPosting.swift */,
				A65922562096E20D00F16E32 /* deletePost.swift */,
				A6243AAA208665CD00BBD173 /* DetailViewController.swift */,
				A6243AA620865CFB00BBD173 /* HomeModel.swift */,
				A6B9B592208C1638003C4E86 /* imgViewController.swift */,
				A66C93E8208D4DD500D3A1A3 /* initNaviController.swift */,
				A66C93E9208D4DD600D3A1A3 /* initTabBarController.swift */,
				A66C93E7208D4DD500D3A1A3 /* InitViewController.swift */,
				A6E41EDB208D3F4700207E5D /* LoginActionModel.swift */,
				A6B9B596208D0C1D003C4E86 /* LoginModel.swift */,
				A66C93EF208D6BD700D3A1A3 /* LoginViewController.swift */,
				A6F2458520965BE80010236E /* MapViewController.swift */,
				A663EBF420FDE0FC002A079E /* Menu.swift */,
				A6E41ED9208D329900207E5D /* networkTest.swift */,
				A6F245872096724E0010236E /* postEditViewController.swift */,
				A62CD5F12092707000E34230 /* PostingModel.swift */,
				A6B9B594208CF0AF003C4E86 /* PostingViewController.swift */,
				A669B18F209616940055A65D /* regAction.swift */,
				A669B18D209611260055A65D /* RegisterViewController.swift */,
				A6B9B598208D10B1003C4E86 /* SearchViewController.swift */,
				A66C93ED208D645E00D3A1A3 /* Session.swift */,
				A60F5064209058710042F417 /* SettingViewController.swift */,
				A61CA352208FDFBF00BC544D /* SQLite.swift */,
				A69243CA20B182F90097D236 /* TrendingCell.swift */,
				A69243C820B182CF0097D236 /* TrendingCollectionViewController.swift */,
				A6243A9420865A8F00BBD173 /* ViewController.swift */,
				A6243A9920865A9000BBD173 /* Assets.xcassets */,
				A6243A9B20865A9000BBD173 /* LaunchScreen.storyboard */,
				A6243A9620865A8F00BBD173 /* Main.storyboard */,
			);
			path = "Trip Plan";
			sourceTree = "<group>";
		};
/* End PBXGroup section */

/* Begin PBXNativeTarget section */
		A6243A8E20865A8E00BBD173 /* Trip Plan */ = {
			isa = PBXNativeTarget;
			buildConfigurationList = A6243AA120865A9000BBD173 /* Build configuration list for PBXNativeTarget "Trip Plan" */;
			buildPhases = (
				A6243A8B20865A8E00BBD173 /* Sources */,
				A6243A8C20865A8E00BBD173 /* Frameworks */,
				A6243A8D20865A8E00BBD173 /* Resources */,
			);
			buildRules = (
			);
			dependencies = (
			);
			name = "Trip Plan";
			productName = "Trip Plan";
			productReference = A6243A8F20865A8E00BBD173 /* Trip Plan.app */;
			productType = "com.apple.product-type.application";
		};
/* End PBXNativeTarget section */

/* Begin PBXProject section */
		A6243A8720865A8E00BBD173 /* Project object */ = {
			isa = PBXProject;
			attributes = {
				LastSwiftUpdateCheck = 0930;
				LastUpgradeCheck = 0930;
				ORGANIZATIONNAME = "Chi Hin Ng";
				TargetAttributes = {
					A6243A8E20865A8E00BBD173 = {
						CreatedOnToolsVersion = 9.3;
						SystemCapabilities = {
							com.apple.SafariKeychain = {
								enabled = 1;
							};
						};
					};
				};
			};
			buildConfigurationList = A6243A8A20865A8E00BBD173 /* Build configuration list for PBXProject "Trip Plan" */;
			compatibilityVersion = "Xcode 9.3";
			developmentRegion = en;
			hasScannedForEncodings = 0;
			knownRegions = (
				en,
				Base,
			);
			mainGroup = A6243A8620865A8E00BBD173;
			productRefGroup = A6243A9020865A8E00BBD173 /* Products */;
			projectDirPath = "";
			projectRoot = "";
			targets = (
				A6243A8E20865A8E00BBD173 /* Trip Plan */,
			);
		};
/* End PBXProject section */

/* Begin PBXResourcesBuildPhase section */
		A6243A8D20865A8E00BBD173 /* Resources */ = {
			isa = PBXResourcesBuildPhase;
			buildActionMask = 2147483647;
			files = (
				A6243A9D20865A9000BBD173 /* LaunchScreen.storyboard in Resources */,
				A6243A9A20865A9000BBD173 /* Assets.xcassets in Resources */,
				A6243A9820865A8F00BBD173 /* Main.storyboard in Resources */,
			);
			runOnlyForDeploymentPostprocessing = 0;
		};
/* End PBXResourcesBuildPhase section */

/* Begin PBXSourcesBuildPhase section */
		A6243A8B20865A8E00BBD173 /* Sources */ = {
			isa = PBXSourcesBuildPhase;
			buildActionMask = 2147483647;
			files = (
				A6243AA920865D0700BBD173 /* ArticleModel.swift in Sources */,
				A6243A9520865A8F00BBD173 /* ViewController.swift in Sources */,
				A65922572096E20D00F16E32 /* deletePost.swift in Sources */,
				A6B9B591208C0783003C4E86 /* CategoryItemDownload.swift in Sources */,
				A628FE3D2102F467001B008C /* CommentCollectionViewCell.swift in Sources */,
				A6243AAB208665CD00BBD173 /* DetailViewController.swift in Sources */,
				A6243A9320865A8F00BBD173 /* AppDelegate.swift in Sources */,
				A6B9B595208CF0AF003C4E86 /* PostingViewController.swift in Sources */,
				A62CD5F22092707000E34230 /* PostingModel.swift in Sources */,
				A69243CB20B182F90097D236 /* TrendingCell.swift in Sources */,
				A6E41EDA208D329900207E5D /* networkTest.swift in Sources */,
				A6B9B58B208BFC9F003C4E86 /* CategoryModel.swift in Sources */,
				A6B1195F208BD691003DB16E /* CategoryViewController.swift in Sources */,
				A60F506320901B000042F417 /* AccountDetailViewController.swift in Sources */,
				A60F5065209058710042F417 /* SettingViewController.swift in Sources */,
				A6B9B599208D10B1003C4E86 /* SearchViewController.swift in Sources */,
				A66C93F0208D6BD700D3A1A3 /* LoginViewController.swift in Sources */,
				A6F245882096724E0010236E /* postEditViewController.swift in Sources */,
				A66C93EB208D4DD600D3A1A3 /* initNaviController.swift in Sources */,
				A6F2458620965BE80010236E /* MapViewController.swift in Sources */,
				A6E41EDC208D3F4700207E5D /* LoginActionModel.swift in Sources */,
				A66C1489209396D70021FF63 /* CommentModel.swift in Sources */,
				A6B9B597208D0C1D003C4E86 /* LoginModel.swift in Sources */,
				A69243C920B182CF0097D236 /* TrendingCollectionViewController.swift in Sources */,
				A66C93EC208D4DD600D3A1A3 /* initTabBarController.swift in Sources */,
				A66C148B209440CA0021FF63 /* CommentDownload.swift in Sources */,
				A66C93EE208D645E00D3A1A3 /* Session.swift in Sources */,
				A669B18E209611260055A65D /* RegisterViewController.swift in Sources */,
				A663EBF520FDE0FC002A079E /* Menu.swift in Sources */,
				A6B9B58F208C05D0003C4E86 /* CategoryItemController.swift in Sources */,
				A61CA353208FDFBF00BC544D /* SQLite.swift in Sources */,
				A65700EC2096010C00F271B6 /* CommentPosting.swift in Sources */,
				A6E41ED8208D2B6B00207E5D /* AccountViewController.swift in Sources */,
				A66C93EA208D4DD600D3A1A3 /* InitViewController.swift in Sources */,
				A6B9B593208C1638003C4E86 /* imgViewController.swift in Sources */,
				A6243AA720865CFB00BBD173 /* HomeModel.swift in Sources */,
				A6B9B58D208C01F5003C4E86 /* CategoryDownload.swift in Sources */,
				A669B190209616940055A65D /* regAction.swift in Sources */,
			);
			runOnlyForDeploymentPostprocessing = 0;
		};
/* End PBXSourcesBuildPhase section */

/* Begin PBXVariantGroup section */
		A6243A9620865A8F00BBD173 /* Main.storyboard */ = {
			isa = PBXVariantGroup;
			children = (
				A6243A9720865A8F00BBD173 /* Base */,
			);
			name = Main.storyboard;
			sourceTree = "<group>";
		};
		A6243A9B20865A9000BBD173 /* LaunchScreen.storyboard */ = {
			isa = PBXVariantGroup;
			children = (
				A6243A9C20865A9000BBD173 /* Base */,
			);
			name = LaunchScreen.storyboard;
			sourceTree = "<group>";
		};
/* End PBXVariantGroup section */

/* Begin XCBuildConfiguration section */
		A6243A9F20865A9000BBD173 /* Debug */ = {
			isa = XCBuildConfiguration;
			buildSettings = {
				ALWAYS_SEARCH_USER_PATHS = NO;
				CLANG_ANALYZER_NONNULL = YES;
				CLANG_ANALYZER_NUMBER_OBJECT_CONVERSION = YES_AGGRESSIVE;
				CLANG_CXX_LANGUAGE_STANDARD = "gnu++14";
				CLANG_CXX_LIBRARY = "libc++";
				CLANG_ENABLE_MODULES = YES;
				CLANG_ENABLE_OBJC_ARC = YES;
				CLANG_ENABLE_OBJC_WEAK = YES;
				CLANG_WARN_BLOCK_CAPTURE_AUTORELEASING = YES;
				CLANG_WARN_BOOL_CONVERSION = YES;
				CLANG_WARN_COMMA = YES;
				CLANG_WARN_CONSTANT_CONVERSION = YES;
				CLANG_WARN_DEPRECATED_OBJC_IMPLEMENTATIONS = YES;
				CLANG_WARN_DIRECT_OBJC_ISA_USAGE = YES_ERROR;
				CLANG_WARN_DOCUMENTATION_COMMENTS = YES;
				CLANG_WARN_EMPTY_BODY = YES;
				CLANG_WARN_ENUM_CONVERSION = YES;
				CLANG_WARN_INFINITE_RECURSION = YES;
				CLANG_WARN_INT_CONVERSION = YES;
				CLANG_WARN_NON_LITERAL_NULL_CONVERSION = YES;
				CLANG_WARN_OBJC_IMPLICIT_RETAIN_SELF = YES;
				CLANG_WARN_OBJC_LITERAL_CONVERSION = YES;
				CLANG_WARN_OBJC_ROOT_CLASS = YES_ERROR;
				CLANG_WARN_RANGE_LOOP_ANALYSIS = YES;
				CLANG_WARN_STRICT_PROTOTYPES = YES;
				CLANG_WARN_SUSPICIOUS_MOVE = YES;
				CLANG_WARN_UNGUARDED_AVAILABILITY = YES_AGGRESSIVE;
				CLANG_WARN_UNREACHABLE_CODE = YES;
				CLANG_WARN__DUPLICATE_METHOD_MATCH = YES;
				CODE_SIGN_IDENTITY = "iPhone Developer";
				COPY_PHASE_STRIP = NO;
				DEBUG_INFORMATION_FORMAT = dwarf;
				ENABLE_STRICT_OBJC_MSGSEND = YES;
				ENABLE_TESTABILITY = YES;
				GCC_C_LANGUAGE_STANDARD = gnu11;
				GCC_DYNAMIC_NO_PIC = NO;
				GCC_NO_COMMON_BLOCKS = YES;
				GCC_OPTIMIZATION_LEVEL = 0;
				GCC_PREPROCESSOR_DEFINITIONS = (
					"DEBUG=1",
					"$(inherited)",
				);
				GCC_WARN_64_TO_32_BIT_CONVERSION = YES;
				GCC_WARN_ABOUT_RETURN_TYPE = YES_ERROR;
				GCC_WARN_UNDECLARED_SELECTOR = YES;
				GCC_WARN_UNINITIALIZED_AUTOS = YES_AGGRESSIVE;
				GCC_WARN_UNUSED_FUNCTION = YES;
				GCC_WARN_UNUSED_VARIABLE = YES;
				IPHONEOS_DEPLOYMENT_TARGET = 11.0;
				MTL_ENABLE_DEBUG_INFO = YES;
				ONLY_ACTIVE_ARCH = YES;
				SDKROOT = iphoneos;
				SWIFT_ACTIVE_COMPILATION_CONDITIONS = DEBUG;
				SWIFT_OPTIMIZATION_LEVEL = "-Onone";
			};
			name = Debug;
		};
		A6243AA020865A9000BBD173 /* Release */ = {
			isa = XCBuildConfiguration;
			buildSettings = {
				ALWAYS_SEARCH_USER_PATHS = NO;
				CLANG_ANALYZER_NONNULL = YES;
				CLANG_ANALYZER_NUMBER_OBJECT_CONVERSION = YES_AGGRESSIVE;
				CLANG_CXX_LANGUAGE_STANDARD = "gnu++14";
				CLANG_CXX_LIBRARY = "libc++";
				CLANG_ENABLE_MODULES = YES;
				CLANG_ENABLE_OBJC_ARC = YES;
				CLANG_ENABLE_OBJC_WEAK = YES;
				CLANG_WARN_BLOCK_CAPTURE_AUTORELEASING = YES;
				CLANG_WARN_BOOL_CONVERSION = YES;
				CLANG_WARN_COMMA = YES;
				CLANG_WARN_CONSTANT_CONVERSION = YES;
				CLANG_WARN_DEPRECATED_OBJC_IMPLEMENTATIONS = YES;
				CLANG_WARN_DIRECT_OBJC_ISA_USAGE = YES_ERROR;
				CLANG_WARN_DOCUMENTATION_COMMENTS = YES;
				CLANG_WARN_EMPTY_BODY = YES;
				CLANG_WARN_ENUM_CONVERSION = YES;
				CLANG_WARN_INFINITE_RECURSION = YES;
				CLANG_WARN_INT_CONVERSION = YES;
				CLANG_WARN_NON_LITERAL_NULL_CONVERSION = YES;
				CLANG_WARN_OBJC_IMPLICIT_RETAIN_SELF = YES;
				CLANG_WARN_OBJC_LITERAL_CONVERSION = YES;
				CLANG_WARN_OBJC_ROOT_CLASS = YES_ERROR;
				CLANG_WARN_RANGE_LOOP_ANALYSIS = YES;
				CLANG_WARN_STRICT_PROTOTYPES = YES;
				CLANG_WARN_SUSPICIOUS_MOVE = YES;
				CLANG_WARN_UNGUARDED_AVAILABILITY = YES_AGGRESSIVE;
				CLANG_WARN_UNREACHABLE_CODE = YES;
				CLANG_WARN__DUPLICATE_METHOD_MATCH = YES;
				CODE_SIGN_IDENTITY = "iPhone Developer";
				COPY_PHASE_STRIP = NO;
				DEBUG_INFORMATION_FORMAT = "dwarf-with-dsym";
				ENABLE_NS_ASSERTIONS = NO;
				ENABLE_STRICT_OBJC_MSGSEND = YES;
				GCC_C_LANGUAGE_STANDARD = gnu11;
				GCC_NO_COMMON_BLOCKS = YES;
				GCC_WARN_64_TO_32_BIT_CONVERSION = YES;
				GCC_WARN_ABOUT_RETURN_TYPE = YES_ERROR;
				GCC_WARN_UNDECLARED_SELECTOR = YES;
				GCC_WARN_UNINITIALIZED_AUTOS = YES_AGGRESSIVE;
				GCC_WARN_UNUSED_FUNCTION = YES;
				GCC_WARN_UNUSED_VARIABLE = YES;
				IPHONEOS_DEPLOYMENT_TARGET = 11.0;
				MTL_ENABLE_DEBUG_INFO = NO;
				SDKROOT = iphoneos;
				SWIFT_COMPILATION_MODE = wholemodule;
				SWIFT_OPTIMIZATION_LEVEL = "-O";
				VALIDATE_PRODUCT = YES;
			};
			name = Release;
		};
		A6243AA220865A9000BBD173 /* Debug */ = {
			isa = XCBuildConfiguration;
			buildSettings = {
				ASSETCATALOG_COMPILER_APPICON_NAME = AppIcon;
				CODE_SIGN_ENTITLEMENTS = "Trip Plan/Trip Plan.entitlements";
				CODE_SIGN_STYLE = Automatic;
				DEVELOPMENT_TEAM = 7WC44F9Y8F;
				INFOPLIST_FILE = "Trip Plan/Info.plist";
				LD_RUNPATH_SEARCH_PATHS = (
					"$(inherited)",
					"@executable_path/Frameworks",
				);
				PRODUCT_BUNDLE_IDENTIFIER = "net.scarletsc.Trip-Plan";
				PRODUCT_NAME = "$(TARGET_NAME)";
				SWIFT_OBJC_BRIDGING_HEADER = "Trip Plan/sqlite.h";
				SWIFT_VERSION = 4.0;
				TARGETED_DEVICE_FAMILY = 1;
			};
			name = Debug;
		};
		A6243AA320865A9000BBD173 /* Release */ = {
			isa = XCBuildConfiguration;
			buildSettings = {
				ASSETCATALOG_COMPILER_APPICON_NAME = AppIcon;
				CODE_SIGN_ENTITLEMENTS = "Trip Plan/Trip Plan.entitlements";
				CODE_SIGN_STYLE = Automatic;
				DEVELOPMENT_TEAM = 7WC44F9Y8F;
				INFOPLIST_FILE = "Trip Plan/Info.plist";
				LD_RUNPATH_SEARCH_PATHS = (
					"$(inherited)",
					"@executable_path/Frameworks",
				);
				PRODUCT_BUNDLE_IDENTIFIER = "net.scarletsc.Trip-Plan";
				PRODUCT_NAME = "$(TARGET_NAME)";
				SWIFT_OBJC_BRIDGING_HEADER = "Trip Plan/sqlite.h";
				SWIFT_VERSION = 4.0;
				TARGETED_DEVICE_FAMILY = 1;
			};
			name = Release;
		};
/* End XCBuildConfiguration section */

/* Begin XCConfigurationList section */
		A6243A8A20865A8E00BBD173 /* Build configuration list for PBXProject "Trip Plan" */ = {
			isa = XCConfigurationList;
			buildConfigurations = (
				A6243A9F20865A9000BBD173 /* Debug */,
				A6243AA020865A9000BBD173 /* Release */,
			);
			defaultConfigurationIsVisible = 0;
			defaultConfigurationName = Release;
		};
		A6243AA120865A9000BBD173 /* Build configuration list for PBXNativeTarget "Trip Plan" */ = {
			isa = XCConfigurationList;
			buildConfigurations = (
				A6243AA220865A9000BBD173 /* Debug */,
				A6243AA320865A9000BBD173 /* Release */,
			);
			defaultConfigurationIsVisible = 0;
			defaultConfigurationName = Release;
		};
/* End XCConfigurationList section */
	};
	rootObject = A6243A8720865A8E00BBD173 /* Project object */;
}
